
Microsoft Visual Studio Solution File, Format Version 12.00
# Visual Studio 14
VisualStudioVersion = 14.0.25420.1
MinimumVisualStudioVersion = 10.0.40219.1
Project("{FAE04EC0-301F-11D3-BF4B-00C04F79EFBC}") = "Tester (Set as StartUp Project)", "Tester\Tester (Set as StartUp Project).csproj", "{448737D4-7361-4823-9F55-33E98974D47C}"
EndProject
Project("{FAE04EC0-301F-11D3-BF4B-00C04F79EFBC}") = "UnitTests", "UnitTests\UnitTests.csproj", "{D71327C9-6886-4876-8199-9BC6F1055A61}"
EndProject
Project("{FAE04EC0-301F-11D3-BF4B-00C04F79EFBC}") = "Querier", "Querier\Querier.csproj", "{030151E6-A34A-4996-BC7E-4D839A2CB356}"
EndProject
Project("{FAE04EC0-301F-11D3-BF4B-00C04F79EFBC}") = "Helpers", "Helpers\Helpers.csproj", "{CA392AD5-7CC2-4934-BC39-687A5A4615A9}"
EndProject
Project("{8BB2217D-0F2D-49D1-97BC-3654ED321F3B}") = "Common", "Common\Common.xproj", "{79808C0B-4CE0-4648-A373-9F7D90492B2B}"
EndProject
Project("{8BB2217D-0F2D-49D1-97BC-3654ED321F3B}") = "Core", "Core\Core.xproj", "{43A81238-2E42-4196-8034-ABED9B74B8B9}"
EndProject
Global
	GlobalSection(SolutionConfigurationPlatforms) = preSolution
		Debug|Any CPU = Debug|Any CPU
		Debug|Mixed Platforms = Debug|Mixed Platforms
		Debug|x86 = Debug|x86
		Release|Any CPU = Release|Any CPU
		Release|Mixed Platforms = Release|Mixed Platforms
		Release|x86 = Release|x86
	EndGlobalSection
	GlobalSection(ProjectConfigurationPlatforms) = postSolution
		{448737D4-7361-4823-9F55-33E98974D47C}.Debug|Any CPU.ActiveCfg = Debug|x86
		{448737D4-7361-4823-9F55-33E98974D47C}.Debug|Mixed Platforms.ActiveCfg = Debug|x86
		{448737D4-7361-4823-9F55-33E98974D47C}.Debug|Mixed Platforms.Build.0 = Debug|x86
		{448737D4-7361-4823-9F55-33E98974D47C}.Debug|x86.ActiveCfg = Debug|x86
		{448737D4-7361-4823-9F55-33E98974D47C}.Debug|x86.Build.0 = Debug|x86
		{448737D4-7361-4823-9F55-33E98974D47C}.Release|Any CPU.ActiveCfg = Release|x86
		{448737D4-7361-4823-9F55-33E98974D47C}.Release|Mixed Platforms.ActiveCfg = Release|x86
		{448737D4-7361-4823-9F55-33E98974D47C}.Release|Mixed Platforms.Build.0 = Release|x86
		{448737D4-7361-4823-9F55-33E98974D47C}.Release|x86.ActiveCfg = Release|x86
		{448737D4-7361-4823-9F55-33E98974D47C}.Release|x86.Build.0 = Release|x86
		{D71327C9-6886-4876-8199-9BC6F1055A61}.Debug|Any CPU.ActiveCfg = Debug|Any CPU
		{D71327C9-6886-4876-8199-9BC6F1055A61}.Debug|Any CPU.Build.0 = Debug|Any CPU
		{D71327C9-6886-4876-8199-9BC6F1055A61}.Debug|Mixed Platforms.ActiveCfg = Debug|Any CPU
		{D71327C9-6886-4876-8199-9BC6F1055A61}.Debug|Mixed Platforms.Build.0 = Debug|Any CPU
		{D71327C9-6886-4876-8199-9BC6F1055A61}.Debug|x86.ActiveCfg = Debug|Any CPU
		{D71327C9-6886-4876-8199-9BC6F1055A61}.Release|Any CPU.ActiveCfg = Release|Any CPU
		{D71327C9-6886-4876-8199-9BC6F1055A61}.Release|Any CPU.Build.0 = Release|Any CPU
		{D71327C9-6886-4876-8199-9BC6F1055A61}.Release|Mixed Platforms.ActiveCfg = Release|Any CPU
		{D71327C9-6886-4876-8199-9BC6F1055A61}.Release|Mixed Platforms.Build.0 = Release|Any CPU
		{D71327C9-6886-4876-8199-9BC6F1055A61}.Release|x86.ActiveCfg = Release|Any CPU
		{030151E6-A34A-4996-BC7E-4D839A2CB356}.Debug|Any CPU.ActiveCfg = Debug|Any CPU
		{030151E6-A34A-4996-BC7E-4D839A2CB356}.Debug|Any CPU.Build.0 = Debug|Any CPU
		{030151E6-A34A-4996-BC7E-4D839A2CB356}.Debug|Mixed Platforms.ActiveCfg = Debug|Any CPU
		{030151E6-A34A-4996-BC7E-4D839A2CB356}.Debug|Mixed Platforms.Build.0 = Debug|Any CPU
		{030151E6-A34A-4996-BC7E-4D839A2CB356}.Debug|x86.ActiveCfg = Debug|Any CPU
		{030151E6-A34A-4996-BC7E-4D839A2CB356}.Release|Any CPU.ActiveCfg = Release|Any CPU
		{030151E6-A34A-4996-BC7E-4D839A2CB356}.Release|Any CPU.Build.0 = Release|Any CPU
		{030151E6-A34A-4996-BC7E-4D839A2CB356}.Release|Mixed Platforms.ActiveCfg = Release|Any CPU
		{030151E6-A34A-4996-BC7E-4D839A2CB356}.Release|Mixed Platforms.Build.0 = Release|Any CPU
		{030151E6-A34A-4996-BC7E-4D839A2CB356}.Release|x86.ActiveCfg = Release|Any CPU
		{CA392AD5-7CC2-4934-BC39-687A5A4615A9}.Debug|Any CPU.ActiveCfg = Debug|Any CPU
		{CA392AD5-7CC2-4934-BC39-687A5A4615A9}.Debug|Any CPU.Build.0 = Debug|Any CPU
		{CA392AD5-7CC2-4934-BC39-687A5A4615A9}.Debug|Mixed Platforms.ActiveCfg = Debug|Any CPU
		{CA392AD5-7CC2-4934-BC39-687A5A4615A9}.Debug|Mixed Platforms.Build.0 = Debug|Any CPU
		{CA392AD5-7CC2-4934-BC39-687A5A4615A9}.Debug|x86.ActiveCfg = Debug|Any CPU
		{CA392AD5-7CC2-4934-BC39-687A5A4615A9}.Release|Any CPU.ActiveCfg = Release|Any CPU
		{CA392AD5-7CC2-4934-BC39-687A5A4615A9}.Release|Any CPU.Build.0 = Release|Any CPU
		{CA392AD5-7CC2-4934-BC39-687A5A4615A9}.Release|Mixed Platforms.ActiveCfg = Release|Any CPU
		{CA392AD5-7CC2-4934-BC39-687A5A4615A9}.Release|Mixed Platforms.Build.0 = Release|Any CPU
		{CA392AD5-7CC2-4934-BC39-687A5A4615A9}.Release|x86.ActiveCfg = Release|Any CPU
		{79808C0B-4CE0-4648-A373-9F7D90492B2B}.Debug|Any CPU.ActiveCfg = Debug|Any CPU
		{79808C0B-4CE0-4648-A373-9F7D90492B2B}.Debug|Any CPU.Build.0 = Debug|Any CPU
		{79808C0B-4CE0-4648-A373-9F7D90492B2B}.Debug|Mixed Platforms.ActiveCfg = Debug|Any CPU
		{79808C0B-4CE0-4648-A373-9F7D90492B2B}.Debug|Mixed Platforms.Build.0 = Debug|Any CPU
		{79808C0B-4CE0-4648-A373-9F7D90492B2B}.Debug|x86.ActiveCfg = Debug|Any CPU
		{79808C0B-4CE0-4648-A373-9F7D90492B2B}.Debug|x86.Build.0 = Debug|Any CPU
		{79808C0B-4CE0-4648-A373-9F7D90492B2B}.Release|Any CPU.ActiveCfg = Release|Any CPU
		{79808C0B-4CE0-4648-A373-9F7D90492B2B}.Release|Any CPU.Build.0 = Release|Any CPU
		{79808C0B-4CE0-4648-A373-9F7D90492B2B}.Release|Mixed Platforms.ActiveCfg = Release|Any CPU
		{79808C0B-4CE0-4648-A373-9F7D90492B2B}.Release|Mixed Platforms.Build.0 = Release|Any CPU
		{79808C0B-4CE0-4648-A373-9F7D90492B2B}.Release|x86.ActiveCfg = Release|Any CPU
		{79808C0B-4CE0-4648-A373-9F7D90492B2B}.Release|x86.Build.0 = Release|Any CPU
		{43A81238-2E42-4196-8034-ABED9B74B8B9}.Debug|Any CPU.ActiveCfg = Debug|Any CPU
		{43A81238-2E42-4196-8034-ABED9B74B8B9}.Debug|Any CPU.Build.0 = Debug|Any CPU
		{43A81238-2E42-4196-8034-ABED9B74B8B9}.Debug|Mixed Platforms.ActiveCfg = Debug|Any CPU
		{43A81238-2E42-4196-8034-ABED9B74B8B9}.Debug|Mixed Platforms.Build.0 = Debug|Any CPU
		{43A81238-2E42-4196-8034-ABED9B74B8B9}.Debug|x86.ActiveCfg = Debug|Any CPU
		{43A81238-2E42-4196-8034-ABED9B74B8B9}.Debug|x86.Build.0 = Debug|Any CPU
		{43A81238-2E42-4196-8034-ABED9B74B8B9}.Release|Any CPU.ActiveCfg = Release|Any CPU
		{43A81238-2E42-4196-8034-ABED9B74B8B9}.Release|Any CPU.Build.0 = Release|Any CPU
		{43A81238-2E42-4196-8034-ABED9B74B8B9}.Release|Mixed Platforms.ActiveCfg = Release|Any CPU
		{43A81238-2E42-4196-8034-ABED9B74B8B9}.Release|Mixed Platforms.Build.0 = Release|Any CPU
		{43A81238-2E42-4196-8034-ABED9B74B8B9}.Release|x86.ActiveCfg = Release|Any CPU
		{43A81238-2E42-4196-8034-ABED9B74B8B9}.Release|x86.Build.0 = Release|Any CPU
	EndGlobalSection
	GlobalSection(SolutionProperties) = preSolution
		HideSolutionNode = FALSE
	EndGlobalSection
EndGlobal
