
Microsoft Visual Studio Solution File, Format Version 12.00
# Visual Studio 14
VisualStudioVersion = 14.0.25420.1
MinimumVisualStudioVersion = 10.0.40219.1
Project("{2150E333-8FDC-42A3-9474-1A3956D46DE8}") = "src", "src", "{1D42AF9F-2D63-4833-8FF7-3A3DDF759B7B}"
EndProject
Project("{2150E333-8FDC-42A3-9474-1A3956D46DE8}") = "Solution Items", "Solution Items", "{25113336-0B74-404C-BEA2-BE8173E56980}"
	ProjectSection(SolutionItems) = preProject
		global.json = global.json
	EndProjectSection
EndProject
Project("{8BB2217D-0F2D-49D1-97BC-3654ED321F3B}") = "FullTextIndexer.Common", "src\FullTextIndexer.Common\FullTextIndexer.Common.xproj", "{6A46E4DE-FCDE-44BF-8C0B-642AF9A58586}"
EndProject
Project("{8BB2217D-0F2D-49D1-97BC-3654ED321F3B}") = "FullTextIndexer.Core", "src\FullTextIndexer.Core\FullTextIndexer.Core.xproj", "{ABB917BF-BF95-451A-A888-BE82CA14F177}"
EndProject
Project("{8BB2217D-0F2D-49D1-97BC-3654ED321F3B}") = "FullTextIndexer.Helpers", "src\FullTextIndexer.Helpers\FullTextIndexer.Helpers.xproj", "{AA50478E-5C0B-4040-8F87-2C56A160884F}"
EndProject
Project("{8BB2217D-0F2D-49D1-97BC-3654ED321F3B}") = "FullTextIndexer.Querier", "src\FullTextIndexer.Querier\FullTextIndexer.Querier.xproj", "{CBF1A51A-C555-47F0-90B0-0E6D2C40F1E8}"
EndProject
Project("{8BB2217D-0F2D-49D1-97BC-3654ED321F3B}") = "Tester", "src\Tester\Tester.xproj", "{CE14FFA5-8B55-43CB-981D-5589791D1486}"
EndProject
Project("{8BB2217D-0F2D-49D1-97BC-3654ED321F3B}") = "UnitTests", "src\UnitTests\UnitTests.xproj", "{5B83EC88-8F9E-4B33-9C6B-B7C5F150B6BD}"
EndProject
Project("{8BB2217D-0F2D-49D1-97BC-3654ED321F3B}") = "FullTextIndexer.Serialisation.Json", "src\FullTextIndexer.Serialisation.Json\FullTextIndexer.Serialisation.Json.xproj", "{40E81672-A794-4C38-8ADA-9EF3D7E2803D}"
EndProject
Project("{D954291E-2A0B-460D-934E-DC6B0785DB48}") = "TesterShared", "TesterShared\TesterShared.shproj", "{8ABE7EE3-9AB2-4304-8F1A-4955303A0B77}"
EndProject
Project("{FAE04EC0-301F-11D3-BF4B-00C04F79EFBC}") = "TesterNET452", "TesterNET452\TesterNET452.csproj", "{318F5362-47A9-4FF2-912F-9FFF9E7831EC}"
	ProjectSection(ProjectDependencies) = postProject
		{CBF1A51A-C555-47F0-90B0-0E6D2C40F1E8} = {CBF1A51A-C555-47F0-90B0-0E6D2C40F1E8}
		{40E81672-A794-4C38-8ADA-9EF3D7E2803D} = {40E81672-A794-4C38-8ADA-9EF3D7E2803D}
		{AA50478E-5C0B-4040-8F87-2C56A160884F} = {AA50478E-5C0B-4040-8F87-2C56A160884F}
		{ABB917BF-BF95-451A-A888-BE82CA14F177} = {ABB917BF-BF95-451A-A888-BE82CA14F177}
		{6A46E4DE-FCDE-44BF-8C0B-642AF9A58586} = {6A46E4DE-FCDE-44BF-8C0B-642AF9A58586}
	EndProjectSection
EndProject
Global
	GlobalSection(SharedMSBuildProjectFiles) = preSolution
		TesterShared\TesterShared.projitems*{318f5362-47a9-4ff2-912f-9fff9e7831ec}*SharedItemsImports = 4
		TesterShared\TesterShared.projitems*{8abe7ee3-9ab2-4304-8f1a-4955303a0b77}*SharedItemsImports = 13
	EndGlobalSection
	GlobalSection(SolutionConfigurationPlatforms) = preSolution
		Debug|Any CPU = Debug|Any CPU
		Release|Any CPU = Release|Any CPU
	EndGlobalSection
	GlobalSection(ProjectConfigurationPlatforms) = postSolution
		{6A46E4DE-FCDE-44BF-8C0B-642AF9A58586}.Debug|Any CPU.ActiveCfg = Debug|Any CPU
		{6A46E4DE-FCDE-44BF-8C0B-642AF9A58586}.Debug|Any CPU.Build.0 = Debug|Any CPU
		{6A46E4DE-FCDE-44BF-8C0B-642AF9A58586}.Release|Any CPU.ActiveCfg = Release|Any CPU
		{6A46E4DE-FCDE-44BF-8C0B-642AF9A58586}.Release|Any CPU.Build.0 = Release|Any CPU
		{ABB917BF-BF95-451A-A888-BE82CA14F177}.Debug|Any CPU.ActiveCfg = Debug|Any CPU
		{ABB917BF-BF95-451A-A888-BE82CA14F177}.Debug|Any CPU.Build.0 = Debug|Any CPU
		{ABB917BF-BF95-451A-A888-BE82CA14F177}.Release|Any CPU.ActiveCfg = Release|Any CPU
		{ABB917BF-BF95-451A-A888-BE82CA14F177}.Release|Any CPU.Build.0 = Release|Any CPU
		{AA50478E-5C0B-4040-8F87-2C56A160884F}.Debug|Any CPU.ActiveCfg = Debug|Any CPU
		{AA50478E-5C0B-4040-8F87-2C56A160884F}.Debug|Any CPU.Build.0 = Debug|Any CPU
		{AA50478E-5C0B-4040-8F87-2C56A160884F}.Release|Any CPU.ActiveCfg = Release|Any CPU
		{AA50478E-5C0B-4040-8F87-2C56A160884F}.Release|Any CPU.Build.0 = Release|Any CPU
		{CBF1A51A-C555-47F0-90B0-0E6D2C40F1E8}.Debug|Any CPU.ActiveCfg = Debug|Any CPU
		{CBF1A51A-C555-47F0-90B0-0E6D2C40F1E8}.Debug|Any CPU.Build.0 = Debug|Any CPU
		{CBF1A51A-C555-47F0-90B0-0E6D2C40F1E8}.Release|Any CPU.ActiveCfg = Release|Any CPU
		{CBF1A51A-C555-47F0-90B0-0E6D2C40F1E8}.Release|Any CPU.Build.0 = Release|Any CPU
		{CE14FFA5-8B55-43CB-981D-5589791D1486}.Debug|Any CPU.ActiveCfg = Debug|Any CPU
		{CE14FFA5-8B55-43CB-981D-5589791D1486}.Debug|Any CPU.Build.0 = Debug|Any CPU
		{CE14FFA5-8B55-43CB-981D-5589791D1486}.Release|Any CPU.ActiveCfg = Release|Any CPU
		{CE14FFA5-8B55-43CB-981D-5589791D1486}.Release|Any CPU.Build.0 = Release|Any CPU
		{5B83EC88-8F9E-4B33-9C6B-B7C5F150B6BD}.Debug|Any CPU.ActiveCfg = Debug|Any CPU
		{5B83EC88-8F9E-4B33-9C6B-B7C5F150B6BD}.Debug|Any CPU.Build.0 = Debug|Any CPU
		{5B83EC88-8F9E-4B33-9C6B-B7C5F150B6BD}.Release|Any CPU.ActiveCfg = Release|Any CPU
		{5B83EC88-8F9E-4B33-9C6B-B7C5F150B6BD}.Release|Any CPU.Build.0 = Release|Any CPU
		{40E81672-A794-4C38-8ADA-9EF3D7E2803D}.Debug|Any CPU.ActiveCfg = Debug|Any CPU
		{40E81672-A794-4C38-8ADA-9EF3D7E2803D}.Debug|Any CPU.Build.0 = Debug|Any CPU
		{40E81672-A794-4C38-8ADA-9EF3D7E2803D}.Release|Any CPU.ActiveCfg = Release|Any CPU
		{40E81672-A794-4C38-8ADA-9EF3D7E2803D}.Release|Any CPU.Build.0 = Release|Any CPU
		{318F5362-47A9-4FF2-912F-9FFF9E7831EC}.Debug|Any CPU.ActiveCfg = Debug|Any CPU
		{318F5362-47A9-4FF2-912F-9FFF9E7831EC}.Debug|Any CPU.Build.0 = Debug|Any CPU
		{318F5362-47A9-4FF2-912F-9FFF9E7831EC}.Release|Any CPU.ActiveCfg = Release|Any CPU
		{318F5362-47A9-4FF2-912F-9FFF9E7831EC}.Release|Any CPU.Build.0 = Release|Any CPU
	EndGlobalSection
	GlobalSection(SolutionProperties) = preSolution
		HideSolutionNode = FALSE
	EndGlobalSection
	GlobalSection(NestedProjects) = preSolution
		{6A46E4DE-FCDE-44BF-8C0B-642AF9A58586} = {1D42AF9F-2D63-4833-8FF7-3A3DDF759B7B}
		{ABB917BF-BF95-451A-A888-BE82CA14F177} = {1D42AF9F-2D63-4833-8FF7-3A3DDF759B7B}
		{AA50478E-5C0B-4040-8F87-2C56A160884F} = {1D42AF9F-2D63-4833-8FF7-3A3DDF759B7B}
		{CBF1A51A-C555-47F0-90B0-0E6D2C40F1E8} = {1D42AF9F-2D63-4833-8FF7-3A3DDF759B7B}
		{CE14FFA5-8B55-43CB-981D-5589791D1486} = {1D42AF9F-2D63-4833-8FF7-3A3DDF759B7B}
		{5B83EC88-8F9E-4B33-9C6B-B7C5F150B6BD} = {1D42AF9F-2D63-4833-8FF7-3A3DDF759B7B}
		{40E81672-A794-4C38-8ADA-9EF3D7E2803D} = {1D42AF9F-2D63-4833-8FF7-3A3DDF759B7B}
	EndGlobalSection
EndGlobal
